
Microsoft Visual Studio Solution File, Format Version 12.00
# Visual Studio Version 17
VisualStudioVersion = 17.2.32526.322
MinimumVisualStudioVersion = 10.0.40219.1
Project("{9A19103F-16F7-4668-BE54-9A1E7A4F7556}") = "HygroDesign.Core", "HygroDesign.Core\HygroDesign.Core.csproj", "{FA8A4958-F100-4153-B1A9-3A2A42A88518}"
EndProject
Project("{9A19103F-16F7-4668-BE54-9A1E7A4F7556}") = "HygroDesign.Grasshopper", "HygroDesign.Grasshopper\HygroDesign.Grasshopper.csproj", "{B8B5AD4E-0E9A-4CBA-A26A-2F0BFB74141A}"
EndProject
Global
	GlobalSection(SolutionConfigurationPlatforms) = preSolution
		Debug|Any CPU = Debug|Any CPU
		Release|Any CPU = Release|Any CPU
	EndGlobalSection
	GlobalSection(ProjectConfigurationPlatforms) = postSolution
		{FA8A4958-F100-4153-B1A9-3A2A42A88518}.Debug|Any CPU.ActiveCfg = Debug|Any CPU
		{FA8A4958-F100-4153-B1A9-3A2A42A88518}.Debug|Any CPU.Build.0 = Debug|Any CPU
		{FA8A4958-F100-4153-B1A9-3A2A42A88518}.Release|Any CPU.ActiveCfg = Release|Any CPU
		{FA8A4958-F100-4153-B1A9-3A2A42A88518}.Release|Any CPU.Build.0 = Release|Any CPU
		{B8B5AD4E-0E9A-4CBA-A26A-2F0BFB74141A}.Debug|Any CPU.ActiveCfg = Debug|Any CPU
		{B8B5AD4E-0E9A-4CBA-A26A-2F0BFB74141A}.Debug|Any CPU.Build.0 = Debug|Any CPU
		{B8B5AD4E-0E9A-4CBA-A26A-2F0BFB74141A}.Release|Any CPU.ActiveCfg = Release|Any CPU
		{B8B5AD4E-0E9A-4CBA-A26A-2F0BFB74141A}.Release|Any CPU.Build.0 = Release|Any CPU
	EndGlobalSection
	GlobalSection(SolutionProperties) = preSolution
		HideSolutionNode = FALSE
	EndGlobalSection
	GlobalSection(ExtensibilityGlobals) = postSolution
		SolutionGuid = {DBE6C7AD-E033-48A4-9766-5765DC1E05FD}
	EndGlobalSection
EndGlobal
